
Microsoft Visual Studio Solution File, Format Version 12.00
# Visual Studio Version 17
VisualStudioVersion = 17.6.33723.286
MinimumVisualStudioVersion = 10.0.40219.1
Project("{FAE04EC0-301F-11D3-BF4B-00C04F79EFBC}") = "WebMarket", "WebMarket\WebMarket.csproj", "{90BEC7AD-1359-4B73-832F-A675F970C15C}"
EndProject
Global
	GlobalSection(SolutionConfigurationPlatforms) = preSolution
		Debug|Any CPU = Debug|Any CPU
		Release|Any CPU = Release|Any CPU
	EndGlobalSection
	GlobalSection(ProjectConfigurationPlatforms) = postSolution
		{90BEC7AD-1359-4B73-832F-A675F970C15C}.Debug|Any CPU.ActiveCfg = Debug|Any CPU
		{90BEC7AD-1359-4B73-832F-A675F970C15C}.Debug|Any CPU.Build.0 = Debug|Any CPU
		{90BEC7AD-1359-4B73-832F-A675F970C15C}.Release|Any CPU.ActiveCfg = Release|Any CPU
		{90BEC7AD-1359-4B73-832F-A675F970C15C}.Release|Any CPU.Build.0 = Release|Any CPU
	EndGlobalSection
	GlobalSection(SolutionProperties) = preSolution
		HideSolutionNode = FALSE
	EndGlobalSection
	GlobalSection(ExtensibilityGlobals) = postSolution
		SolutionGuid = {B48AEAB9-EA66-400A-8206-3DC61666DB35}
	EndGlobalSection
EndGlobal
